
Microsoft Visual Studio Solution File, Format Version 12.00
# Visual Studio Version 16
VisualStudioVersion = 16.0.29009.5
MinimumVisualStudioVersion = 15.0.26124.0
Project("{9A19103F-16F7-4668-BE54-9A1E7A4F7556}") = "webapi", "webapi\webapi.csproj", "{6F6F31A9-BCD3-4439-BAC6-653A4D3EF3F0}"
EndProject
Project("{FAE04EC0-301F-11D3-BF4B-00C04F79EFBC}") = "core", "core\core.csproj", "{06F90E7A-1D5D-4B81-9D1F-EE7E39033DB1}"
EndProject
Project("{FAE04EC0-301F-11D3-BF4B-00C04F79EFBC}") = "engine.windows", "engine.windows\engine.windows.csproj", "{6CA77F1F-E988-4AEE-81B7-89DB8D962FE2}"
EndProject
Project("{FAE04EC0-301F-11D3-BF4B-00C04F79EFBC}") = "engine.raspberrypi", "engine.raspberrypi\engine.raspberrypi.csproj", "{237DF33E-ECAC-496F-A80F-D610AABA2712}"
EndProject
Project("{FAE04EC0-301F-11D3-BF4B-00C04F79EFBC}") = "engine", "engine\engine.csproj", "{E0EC3DCC-A186-4D2A-9729-486B7914EE14}"
EndProject
Global
	GlobalSection(SolutionConfigurationPlatforms) = preSolution
		Debug|Any CPU = Debug|Any CPU
		Debug|x64 = Debug|x64
		Debug|x86 = Debug|x86
		Release|Any CPU = Release|Any CPU
		Release|x64 = Release|x64
		Release|x86 = Release|x86
	EndGlobalSection
	GlobalSection(ProjectConfigurationPlatforms) = postSolution
		{6F6F31A9-BCD3-4439-BAC6-653A4D3EF3F0}.Debug|Any CPU.ActiveCfg = Debug|Any CPU
		{6F6F31A9-BCD3-4439-BAC6-653A4D3EF3F0}.Debug|Any CPU.Build.0 = Debug|Any CPU
		{6F6F31A9-BCD3-4439-BAC6-653A4D3EF3F0}.Debug|x64.ActiveCfg = Debug|Any CPU
		{6F6F31A9-BCD3-4439-BAC6-653A4D3EF3F0}.Debug|x64.Build.0 = Debug|Any CPU
		{6F6F31A9-BCD3-4439-BAC6-653A4D3EF3F0}.Debug|x86.ActiveCfg = Debug|Any CPU
		{6F6F31A9-BCD3-4439-BAC6-653A4D3EF3F0}.Debug|x86.Build.0 = Debug|Any CPU
		{6F6F31A9-BCD3-4439-BAC6-653A4D3EF3F0}.Release|Any CPU.ActiveCfg = Release|Any CPU
		{6F6F31A9-BCD3-4439-BAC6-653A4D3EF3F0}.Release|Any CPU.Build.0 = Release|Any CPU
		{6F6F31A9-BCD3-4439-BAC6-653A4D3EF3F0}.Release|x64.ActiveCfg = Release|Any CPU
		{6F6F31A9-BCD3-4439-BAC6-653A4D3EF3F0}.Release|x64.Build.0 = Release|Any CPU
		{6F6F31A9-BCD3-4439-BAC6-653A4D3EF3F0}.Release|x86.ActiveCfg = Release|Any CPU
		{6F6F31A9-BCD3-4439-BAC6-653A4D3EF3F0}.Release|x86.Build.0 = Release|Any CPU
		{06F90E7A-1D5D-4B81-9D1F-EE7E39033DB1}.Debug|Any CPU.ActiveCfg = Debug|Any CPU
		{06F90E7A-1D5D-4B81-9D1F-EE7E39033DB1}.Debug|Any CPU.Build.0 = Debug|Any CPU
		{06F90E7A-1D5D-4B81-9D1F-EE7E39033DB1}.Debug|x64.ActiveCfg = Debug|Any CPU
		{06F90E7A-1D5D-4B81-9D1F-EE7E39033DB1}.Debug|x64.Build.0 = Debug|Any CPU
		{06F90E7A-1D5D-4B81-9D1F-EE7E39033DB1}.Debug|x86.ActiveCfg = Debug|Any CPU
		{06F90E7A-1D5D-4B81-9D1F-EE7E39033DB1}.Debug|x86.Build.0 = Debug|Any CPU
		{06F90E7A-1D5D-4B81-9D1F-EE7E39033DB1}.Release|Any CPU.ActiveCfg = Release|Any CPU
		{06F90E7A-1D5D-4B81-9D1F-EE7E39033DB1}.Release|Any CPU.Build.0 = Release|Any CPU
		{06F90E7A-1D5D-4B81-9D1F-EE7E39033DB1}.Release|x64.ActiveCfg = Release|Any CPU
		{06F90E7A-1D5D-4B81-9D1F-EE7E39033DB1}.Release|x64.Build.0 = Release|Any CPU
		{06F90E7A-1D5D-4B81-9D1F-EE7E39033DB1}.Release|x86.ActiveCfg = Release|Any CPU
		{06F90E7A-1D5D-4B81-9D1F-EE7E39033DB1}.Release|x86.Build.0 = Release|Any CPU
		{6CA77F1F-E988-4AEE-81B7-89DB8D962FE2}.Debug|Any CPU.ActiveCfg = Debug|Any CPU
		{6CA77F1F-E988-4AEE-81B7-89DB8D962FE2}.Debug|Any CPU.Build.0 = Debug|Any CPU
		{6CA77F1F-E988-4AEE-81B7-89DB8D962FE2}.Debug|x64.ActiveCfg = Debug|Any CPU
		{6CA77F1F-E988-4AEE-81B7-89DB8D962FE2}.Debug|x64.Build.0 = Debug|Any CPU
		{6CA77F1F-E988-4AEE-81B7-89DB8D962FE2}.Debug|x86.ActiveCfg = Debug|Any CPU
		{6CA77F1F-E988-4AEE-81B7-89DB8D962FE2}.Debug|x86.Build.0 = Debug|Any CPU
		{6CA77F1F-E988-4AEE-81B7-89DB8D962FE2}.Release|Any CPU.ActiveCfg = Release|Any CPU
		{6CA77F1F-E988-4AEE-81B7-89DB8D962FE2}.Release|Any CPU.Build.0 = Release|Any CPU
		{6CA77F1F-E988-4AEE-81B7-89DB8D962FE2}.Release|x64.ActiveCfg = Release|Any CPU
		{6CA77F1F-E988-4AEE-81B7-89DB8D962FE2}.Release|x64.Build.0 = Release|Any CPU
		{6CA77F1F-E988-4AEE-81B7-89DB8D962FE2}.Release|x86.ActiveCfg = Release|Any CPU
		{6CA77F1F-E988-4AEE-81B7-89DB8D962FE2}.Release|x86.Build.0 = Release|Any CPU
		{237DF33E-ECAC-496F-A80F-D610AABA2712}.Debug|Any CPU.ActiveCfg = Debug|Any CPU
		{237DF33E-ECAC-496F-A80F-D610AABA2712}.Debug|Any CPU.Build.0 = Debug|Any CPU
		{237DF33E-ECAC-496F-A80F-D610AABA2712}.Debug|x64.ActiveCfg = Debug|Any CPU
		{237DF33E-ECAC-496F-A80F-D610AABA2712}.Debug|x64.Build.0 = Debug|Any CPU
		{237DF33E-ECAC-496F-A80F-D610AABA2712}.Debug|x86.ActiveCfg = Debug|Any CPU
		{237DF33E-ECAC-496F-A80F-D610AABA2712}.Debug|x86.Build.0 = Debug|Any CPU
		{237DF33E-ECAC-496F-A80F-D610AABA2712}.Release|Any CPU.ActiveCfg = Release|Any CPU
		{237DF33E-ECAC-496F-A80F-D610AABA2712}.Release|Any CPU.Build.0 = Release|Any CPU
		{237DF33E-ECAC-496F-A80F-D610AABA2712}.Release|x64.ActiveCfg = Release|Any CPU
		{237DF33E-ECAC-496F-A80F-D610AABA2712}.Release|x64.Build.0 = Release|Any CPU
		{237DF33E-ECAC-496F-A80F-D610AABA2712}.Release|x86.ActiveCfg = Release|Any CPU
		{237DF33E-ECAC-496F-A80F-D610AABA2712}.Release|x86.Build.0 = Release|Any CPU
		{E0EC3DCC-A186-4D2A-9729-486B7914EE14}.Debug|Any CPU.ActiveCfg = Debug|Any CPU
		{E0EC3DCC-A186-4D2A-9729-486B7914EE14}.Debug|Any CPU.Build.0 = Debug|Any CPU
		{E0EC3DCC-A186-4D2A-9729-486B7914EE14}.Debug|x64.ActiveCfg = Debug|Any CPU
		{E0EC3DCC-A186-4D2A-9729-486B7914EE14}.Debug|x64.Build.0 = Debug|Any CPU
		{E0EC3DCC-A186-4D2A-9729-486B7914EE14}.Debug|x86.ActiveCfg = Debug|Any CPU
		{E0EC3DCC-A186-4D2A-9729-486B7914EE14}.Debug|x86.Build.0 = Debug|Any CPU
		{E0EC3DCC-A186-4D2A-9729-486B7914EE14}.Release|Any CPU.ActiveCfg = Release|Any CPU
		{E0EC3DCC-A186-4D2A-9729-486B7914EE14}.Release|Any CPU.Build.0 = Release|Any CPU
		{E0EC3DCC-A186-4D2A-9729-486B7914EE14}.Release|x64.ActiveCfg = Release|Any CPU
		{E0EC3DCC-A186-4D2A-9729-486B7914EE14}.Release|x64.Build.0 = Release|Any CPU
		{E0EC3DCC-A186-4D2A-9729-486B7914EE14}.Release|x86.ActiveCfg = Release|Any CPU
		{E0EC3DCC-A186-4D2A-9729-486B7914EE14}.Release|x86.Build.0 = Release|Any CPU
	EndGlobalSection
	GlobalSection(SolutionProperties) = preSolution
		HideSolutionNode = FALSE
	EndGlobalSection
	GlobalSection(ExtensibilityGlobals) = postSolution
		SolutionGuid = {83E6F7D9-FBC5-4E85-A3F7-B5FE2FA24901}
	EndGlobalSection
EndGlobal
