
Microsoft Visual Studio Solution File, Format Version 12.00
# Visual Studio Version 16
VisualStudioVersion = 16.0.29009.5
MinimumVisualStudioVersion = 15.0.26124.0
Project("{9A19103F-16F7-4668-BE54-9A1E7A4F7556}") = "engine", "engine\engine.csproj", "{4BC5D0E2-E0E7-4C81-82B2-BC03D3496376}"
EndProject
Project("{9A19103F-16F7-4668-BE54-9A1E7A4F7556}") = "webapi", "webapi\webapi.csproj", "{6F6F31A9-BCD3-4439-BAC6-653A4D3EF3F0}"
EndProject
Project("{FAE04EC0-301F-11D3-BF4B-00C04F79EFBC}") = "core", "core\core.csproj", "{82058B98-D84F-4DFE-9FF2-4B9A218A49FD}"
EndProject
Project("{FAE04EC0-301F-11D3-BF4B-00C04F79EFBC}") = "core.windows", "core.windows\core.windows.csproj", "{9D78EF71-B73B-4318-AC2D-4CF416F75FE9}"
EndProject
Project("{FAE04EC0-301F-11D3-BF4B-00C04F79EFBC}") = "core.raspberrypi", "core.raspberrypi\core.raspberrypi.csproj", "{A2EEAC64-897A-4958-AE8F-4F9EA55A3001}"
EndProject
Global
	GlobalSection(SolutionConfigurationPlatforms) = preSolution
		Debug|Any CPU = Debug|Any CPU
		Debug|x64 = Debug|x64
		Debug|x86 = Debug|x86
		Release|Any CPU = Release|Any CPU
		Release|x64 = Release|x64
		Release|x86 = Release|x86
	EndGlobalSection
	GlobalSection(ProjectConfigurationPlatforms) = postSolution
		{4BC5D0E2-E0E7-4C81-82B2-BC03D3496376}.Debug|Any CPU.ActiveCfg = Debug|Any CPU
		{4BC5D0E2-E0E7-4C81-82B2-BC03D3496376}.Debug|Any CPU.Build.0 = Debug|Any CPU
		{4BC5D0E2-E0E7-4C81-82B2-BC03D3496376}.Debug|x64.ActiveCfg = Debug|Any CPU
		{4BC5D0E2-E0E7-4C81-82B2-BC03D3496376}.Debug|x64.Build.0 = Debug|Any CPU
		{4BC5D0E2-E0E7-4C81-82B2-BC03D3496376}.Debug|x86.ActiveCfg = Debug|Any CPU
		{4BC5D0E2-E0E7-4C81-82B2-BC03D3496376}.Debug|x86.Build.0 = Debug|Any CPU
		{4BC5D0E2-E0E7-4C81-82B2-BC03D3496376}.Release|Any CPU.ActiveCfg = Release|Any CPU
		{4BC5D0E2-E0E7-4C81-82B2-BC03D3496376}.Release|Any CPU.Build.0 = Release|Any CPU
		{4BC5D0E2-E0E7-4C81-82B2-BC03D3496376}.Release|x64.ActiveCfg = Release|Any CPU
		{4BC5D0E2-E0E7-4C81-82B2-BC03D3496376}.Release|x64.Build.0 = Release|Any CPU
		{4BC5D0E2-E0E7-4C81-82B2-BC03D3496376}.Release|x86.ActiveCfg = Release|Any CPU
		{4BC5D0E2-E0E7-4C81-82B2-BC03D3496376}.Release|x86.Build.0 = Release|Any CPU
		{6F6F31A9-BCD3-4439-BAC6-653A4D3EF3F0}.Debug|Any CPU.ActiveCfg = Debug|Any CPU
		{6F6F31A9-BCD3-4439-BAC6-653A4D3EF3F0}.Debug|Any CPU.Build.0 = Debug|Any CPU
		{6F6F31A9-BCD3-4439-BAC6-653A4D3EF3F0}.Debug|x64.ActiveCfg = Debug|Any CPU
		{6F6F31A9-BCD3-4439-BAC6-653A4D3EF3F0}.Debug|x64.Build.0 = Debug|Any CPU
		{6F6F31A9-BCD3-4439-BAC6-653A4D3EF3F0}.Debug|x86.ActiveCfg = Debug|Any CPU
		{6F6F31A9-BCD3-4439-BAC6-653A4D3EF3F0}.Debug|x86.Build.0 = Debug|Any CPU
		{6F6F31A9-BCD3-4439-BAC6-653A4D3EF3F0}.Release|Any CPU.ActiveCfg = Release|Any CPU
		{6F6F31A9-BCD3-4439-BAC6-653A4D3EF3F0}.Release|Any CPU.Build.0 = Release|Any CPU
		{6F6F31A9-BCD3-4439-BAC6-653A4D3EF3F0}.Release|x64.ActiveCfg = Release|Any CPU
		{6F6F31A9-BCD3-4439-BAC6-653A4D3EF3F0}.Release|x64.Build.0 = Release|Any CPU
		{6F6F31A9-BCD3-4439-BAC6-653A4D3EF3F0}.Release|x86.ActiveCfg = Release|Any CPU
		{6F6F31A9-BCD3-4439-BAC6-653A4D3EF3F0}.Release|x86.Build.0 = Release|Any CPU
		{82058B98-D84F-4DFE-9FF2-4B9A218A49FD}.Debug|Any CPU.ActiveCfg = Debug|Any CPU
		{82058B98-D84F-4DFE-9FF2-4B9A218A49FD}.Debug|Any CPU.Build.0 = Debug|Any CPU
		{82058B98-D84F-4DFE-9FF2-4B9A218A49FD}.Debug|x64.ActiveCfg = Debug|Any CPU
		{82058B98-D84F-4DFE-9FF2-4B9A218A49FD}.Debug|x64.Build.0 = Debug|Any CPU
		{82058B98-D84F-4DFE-9FF2-4B9A218A49FD}.Debug|x86.ActiveCfg = Debug|Any CPU
		{82058B98-D84F-4DFE-9FF2-4B9A218A49FD}.Debug|x86.Build.0 = Debug|Any CPU
		{82058B98-D84F-4DFE-9FF2-4B9A218A49FD}.Release|Any CPU.ActiveCfg = Release|Any CPU
		{82058B98-D84F-4DFE-9FF2-4B9A218A49FD}.Release|Any CPU.Build.0 = Release|Any CPU
		{82058B98-D84F-4DFE-9FF2-4B9A218A49FD}.Release|x64.ActiveCfg = Release|Any CPU
		{82058B98-D84F-4DFE-9FF2-4B9A218A49FD}.Release|x64.Build.0 = Release|Any CPU
		{82058B98-D84F-4DFE-9FF2-4B9A218A49FD}.Release|x86.ActiveCfg = Release|Any CPU
		{82058B98-D84F-4DFE-9FF2-4B9A218A49FD}.Release|x86.Build.0 = Release|Any CPU
		{9D78EF71-B73B-4318-AC2D-4CF416F75FE9}.Debug|Any CPU.ActiveCfg = Debug|Any CPU
		{9D78EF71-B73B-4318-AC2D-4CF416F75FE9}.Debug|Any CPU.Build.0 = Debug|Any CPU
		{9D78EF71-B73B-4318-AC2D-4CF416F75FE9}.Debug|x64.ActiveCfg = Debug|Any CPU
		{9D78EF71-B73B-4318-AC2D-4CF416F75FE9}.Debug|x64.Build.0 = Debug|Any CPU
		{9D78EF71-B73B-4318-AC2D-4CF416F75FE9}.Debug|x86.ActiveCfg = Debug|Any CPU
		{9D78EF71-B73B-4318-AC2D-4CF416F75FE9}.Debug|x86.Build.0 = Debug|Any CPU
		{9D78EF71-B73B-4318-AC2D-4CF416F75FE9}.Release|Any CPU.ActiveCfg = Release|Any CPU
		{9D78EF71-B73B-4318-AC2D-4CF416F75FE9}.Release|Any CPU.Build.0 = Release|Any CPU
		{9D78EF71-B73B-4318-AC2D-4CF416F75FE9}.Release|x64.ActiveCfg = Release|Any CPU
		{9D78EF71-B73B-4318-AC2D-4CF416F75FE9}.Release|x64.Build.0 = Release|Any CPU
		{9D78EF71-B73B-4318-AC2D-4CF416F75FE9}.Release|x86.ActiveCfg = Release|Any CPU
		{9D78EF71-B73B-4318-AC2D-4CF416F75FE9}.Release|x86.Build.0 = Release|Any CPU
		{A2EEAC64-897A-4958-AE8F-4F9EA55A3001}.Debug|Any CPU.ActiveCfg = Debug|Any CPU
		{A2EEAC64-897A-4958-AE8F-4F9EA55A3001}.Debug|Any CPU.Build.0 = Debug|Any CPU
		{A2EEAC64-897A-4958-AE8F-4F9EA55A3001}.Debug|x64.ActiveCfg = Debug|Any CPU
		{A2EEAC64-897A-4958-AE8F-4F9EA55A3001}.Debug|x64.Build.0 = Debug|Any CPU
		{A2EEAC64-897A-4958-AE8F-4F9EA55A3001}.Debug|x86.ActiveCfg = Debug|Any CPU
		{A2EEAC64-897A-4958-AE8F-4F9EA55A3001}.Debug|x86.Build.0 = Debug|Any CPU
		{A2EEAC64-897A-4958-AE8F-4F9EA55A3001}.Release|Any CPU.ActiveCfg = Release|Any CPU
		{A2EEAC64-897A-4958-AE8F-4F9EA55A3001}.Release|Any CPU.Build.0 = Release|Any CPU
		{A2EEAC64-897A-4958-AE8F-4F9EA55A3001}.Release|x64.ActiveCfg = Release|Any CPU
		{A2EEAC64-897A-4958-AE8F-4F9EA55A3001}.Release|x64.Build.0 = Release|Any CPU
		{A2EEAC64-897A-4958-AE8F-4F9EA55A3001}.Release|x86.ActiveCfg = Release|Any CPU
		{A2EEAC64-897A-4958-AE8F-4F9EA55A3001}.Release|x86.Build.0 = Release|Any CPU
	EndGlobalSection
	GlobalSection(SolutionProperties) = preSolution
		HideSolutionNode = FALSE
	EndGlobalSection
	GlobalSection(ExtensibilityGlobals) = postSolution
		SolutionGuid = {83E6F7D9-FBC5-4E85-A3F7-B5FE2FA24901}
	EndGlobalSection
EndGlobal
